{
  "name": "node-ts-jvm",
  "version": "1.0.0",
  "lockfileVersion": 1,
  "requires": true,
  "dependencies": {
    "adm-zip": {
      "version": "0.4.14",
      "resolved": "https://registry.npm.taobao.org/adm-zip/download/adm-zip-0.4.14.tgz?cache=0&sync_timestamp=1581020452043&other_urls=https%3A%2F%2Fregistry.npm.taobao.org%2Fadm-zip%2Fdownload%2Fadm-zip-0.4.14.tgz",
      "integrity": "sha1-LPMSvMn4h134NbD2BAvYm+CnJ6k="
    },
    "commander": {
      "version": "4.1.1",
      "resolved": "https://registry.npm.taobao.org/commander/download/commander-4.1.1.tgz?cache=0&sync_timestamp=1581443110566&other_urls=https%3A%2F%2Fregistry.npm.taobao.org%2Fcommander%2Fdownload%2Fcommander-4.1.1.tgz",
      "integrity": "sha1-n9YCvZNilOnp70aj9NaWQESxgGg="
    }
  }
}
